PODS:
  - ThinkingSDK (2.8.1.2):
    - ThinkingSDK/Core (= 2.8.1.2)
    - ThinkingSDK/Extension (= 2.8.1.2)
  - ThinkingSDK/Core (2.8.1.2)
  - ThinkingSDK/Extension (2.8.1.2):
    - ThinkingSDK/Core

DEPENDENCIES:
  - ThinkingSDK (from `../../../td_yazhou/ios-sdk`)

EXTERNAL SOURCES:
  ThinkingSDK:
    :path: "../../../td_yazhou/ios-sdk"

SPEC CHECKSUMS:
  ThinkingSDK: 1b98dd0881b87503c98a93be9c5544c1b6ecdafa

PODFILE CHECKSUM: ef40b32489a4fdf90d5216ec5d68ee2967bae227

COCOAPODS: 1.11.3
