// !$*UTF8*$!
{
	archiveVersion = 1;
	classes = {
	};
	objectVersion = 55;
	objects = {

/* Begin PBXBuildFile section */
		930D277A2822D5DB0052BCD0 /* AppDelegate.swift in Sources */ = {isa = PBXBuildFile; fileRef = 930D27792822D5DB0052BCD0 /* AppDelegate.swift */; };
		930D277C2822D5DB0052BCD0 /* SceneDelegate.swift in Sources */ = {isa = PBXBuildFile; fileRef = 930D277B2822D5DB0052BCD0 /* SceneDelegate.swift */; };
		930D277E2822D5DB0052BCD0 /* ViewController.swift in Sources */ = {isa = PBXBuildFile; fileRef = 930D277D2822D5DB0052BCD0 /* ViewController.swift */; };
		930D27812822D5DB0052BCD0 /* Main.storyboard in Resources */ = {isa = PBXBuildFile; fileRef = 930D277F2822D5DB0052BCD0 /* Main.storyboard */; };
		930D27832822D5DC0052BCD0 /* Assets.xcassets in Resources */ = {isa = PBXBuildFile; fileRef = 930D27822822D5DC0052BCD0 /* Assets.xcassets */; };
		930D27862822D5DC0052BCD0 /* LaunchScreen.storyboard in Resources */ = {isa = PBXBuildFile; fileRef = 930D27842822D5DC0052BCD0 /* LaunchScreen.storyboard */; };
		932F8DCD28295C5C003E065E /* ClassAndStructViewController.swift in Sources */ = {isa = PBXBuildFile; fileRef = 932F8DCC28295C5C003E065E /* ClassAndStructViewController.swift */; };
		932F8DD0282961D7003E065E /* EnumViewController.swift in Sources */ = {isa = PBXBuildFile; fileRef = 932F8DCF282961D7003E065E /* EnumViewController.swift */; };
		93792B3C2829FF9000B802CB /* ClassAndPropertyViewController.swift in Sources */ = {isa = PBXBuildFile; fileRef = 93792B3B2829FF9000B802CB /* ClassAndPropertyViewController.swift */; };
		93792B3F282A363A00B802CB /* MethodViewController.swift in Sources */ = {isa = PBXBuildFile; fileRef = 93792B3E282A363A00B802CB /* MethodViewController.swift */; };
		93792B48282B4F5200B802CB /* InheritViewController.swift in Sources */ = {isa = PBXBuildFile; fileRef = 93792B47282B4F5200B802CB /* InheritViewController.swift */; };
		937EA5052823759200204D29 /* HomeViewController.swift in Sources */ = {isa = PBXBuildFile; fileRef = 937EA5042823759200204D29 /* HomeViewController.swift */; };
		937EA50828237EC400204D29 /* ClosuresViewController.swift in Sources */ = {isa = PBXBuildFile; fileRef = 937EA50728237EC400204D29 /* ClosuresViewController.swift */; };
		93EC1241282B9E5D0085FC51 /* PolymorphicViewController.swift in Sources */ = {isa = PBXBuildFile; fileRef = 93EC1240282B9E5D0085FC51 /* PolymorphicViewController.swift */; };
		93EC1244282BA8FF0085FC51 /* ConstructorViewController.swift in Sources */ = {isa = PBXBuildFile; fileRef = 93EC1243282BA8FF0085FC51 /* ConstructorViewController.swift */; };
		D439BDFE1D84454FD4F5AF37 /* Pods_SwiftBase.framework in Frameworks */ = {isa = PBXBuildFile; fileRef = EAA37C88A5D45B909FA2C582 /* Pods_SwiftBase.framework */; };
/* End PBXBuildFile section */

/* Begin PBXFileReference section */
		8E53E38A8D5BD79BB6880D72 /* Pods-SwiftBase.debug.xcconfig */ = {isa = PBXFileReference; includeInIndex = 1; lastKnownFileType = text.xcconfig; name = "Pods-SwiftBase.debug.xcconfig"; path = "Target Support Files/Pods-SwiftBase/Pods-SwiftBase.debug.xcconfig"; sourceTree = "<group>"; };
		930D27762822D5DB0052BCD0 /* SwiftBase.app */ = {isa = PBXFileReference; explicitFileType = wrapper.application; includeInIndex = 0; path = SwiftBase.app; sourceTree = BUILT_PRODUCTS_DIR; };
		930D27792822D5DB0052BCD0 /* AppDelegate.swift */ = {isa = PBXFileReference; lastKnownFileType = sourcecode.swift; path = AppDelegate.swift; sourceTree = "<group>"; };
		930D277B2822D5DB0052BCD0 /* SceneDelegate.swift */ = {isa = PBXFileReference; lastKnownFileType = sourcecode.swift; path = SceneDelegate.swift; sourceTree = "<group>"; };
		930D277D2822D5DB0052BCD0 /* ViewController.swift */ = {isa = PBXFileReference; lastKnownFileType = sourcecode.swift; path = ViewController.swift; sourceTree = "<group>"; };
		930D27802822D5DB0052BCD0 /* Base */ = {isa = PBXFileReference; lastKnownFileType = file.storyboard; name = Base; path = Base.lproj/Main.storyboard; sourceTree = "<group>"; };
		930D27822822D5DC0052BCD0 /* Assets.xcassets */ = {isa = PBXFileReference; lastKnownFileType = folder.assetcatalog; path = Assets.xcassets; sourceTree = "<group>"; };
		930D27852822D5DC0052BCD0 /* Base */ = {isa = PBXFileReference; lastKnownFileType = file.storyboard; name = Base; path = Base.lproj/LaunchScreen.storyboard; sourceTree = "<group>"; };
		930D27872822D5DC0052BCD0 /* Info.plist */ = {isa = PBXFileReference; lastKnownFileType = text.plist.xml; path = Info.plist; sourceTree = "<group>"; };
		932F8DCC28295C5C003E065E /* ClassAndStructViewController.swift */ = {isa = PBXFileReference; lastKnownFileType = sourcecode.swift; path = ClassAndStructViewController.swift; sourceTree = "<group>"; };
		932F8DCF282961D7003E065E /* EnumViewController.swift */ = {isa = PBXFileReference; lastKnownFileType = sourcecode.swift; path = EnumViewController.swift; sourceTree = "<group>"; };
		93792B3B2829FF9000B802CB /* ClassAndPropertyViewController.swift */ = {isa = PBXFileReference; lastKnownFileType = sourcecode.swift; path = ClassAndPropertyViewController.swift; sourceTree = "<group>"; };
		93792B3E282A363A00B802CB /* MethodViewController.swift */ = {isa = PBXFileReference; lastKnownFileType = sourcecode.swift; path = MethodViewController.swift; sourceTree = "<group>"; };
		93792B47282B4F5200B802CB /* InheritViewController.swift */ = {isa = PBXFileReference; lastKnownFileType = sourcecode.swift; path = InheritViewController.swift; sourceTree = "<group>"; };
		937EA5042823759200204D29 /* HomeViewController.swift */ = {isa = PBXFileReference; lastKnownFileType = sourcecode.swift; path = HomeViewController.swift; sourceTree = "<group>"; };
		937EA50728237EC400204D29 /* ClosuresViewController.swift */ = {isa = PBXFileReference; lastKnownFileType = sourcecode.swift; path = ClosuresViewController.swift; sourceTree = "<group>"; };
		93EC1240282B9E5D0085FC51 /* PolymorphicViewController.swift */ = {isa = PBXFileReference; lastKnownFileType = sourcecode.swift; path = PolymorphicViewController.swift; sourceTree = "<group>"; };
		93EC1243282BA8FF0085FC51 /* ConstructorViewController.swift */ = {isa = PBXFileReference; lastKnownFileType = sourcecode.swift; path = ConstructorViewController.swift; sourceTree = "<group>"; };
		BA92E59D01048641114ABEED /* Pods-SwiftBase.release.xcconfig */ = {isa = PBXFileReference; includeInIndex = 1; lastKnownFileType = text.xcconfig; name = "Pods-SwiftBase.release.xcconfig"; path = "Target Support Files/Pods-SwiftBase/Pods-SwiftBase.release.xcconfig"; sourceTree = "<group>"; };
		EAA37C88A5D45B909FA2C582 /* Pods_SwiftBase.framework */ = {isa = PBXFileReference; explicitFileType = wrapper.framework; includeInIndex = 0; path = Pods_SwiftBase.framework; sourceTree = BUILT_PRODUCTS_DIR; };
/* End PBXFileReference section */

/* Begin PBXFrameworksBuildPhase section */
		930D27732822D5DB0052BCD0 /* Frameworks */ = {
			isa = PBXFrameworksBuildPhase;
			buildActionMask = 2147483647;
			files = (
				D439BDFE1D84454FD4F5AF37 /* Pods_SwiftBase.framework in Frameworks */,
			);
			runOnlyForDeploymentPostprocessing = 0;
		};
/* End PBXFrameworksBuildPhase section */

/* Begin PBXGroup section */
		8CC23EFB0EB1A86B79B48AC9 /* Frameworks */ = {
			isa = PBXGroup;
			children = (
				EAA37C88A5D45B909FA2C582 /* Pods_SwiftBase.framework */,
			);
			name = Frameworks;
			sourceTree = "<group>";
		};
		930D276D2822D5DA0052BCD0 = {
			isa = PBXGroup;
			children = (
				930D27782822D5DB0052BCD0 /* SwiftBase */,
				930D27772822D5DB0052BCD0 /* Products */,
				A24833329F26CD3D3538A0A6 /* Pods */,
				8CC23EFB0EB1A86B79B48AC9 /* Frameworks */,
			);
			sourceTree = "<group>";
		};
		930D27772822D5DB0052BCD0 /* Products */ = {
			isa = PBXGroup;
			children = (
				930D27762822D5DB0052BCD0 /* SwiftBase.app */,
			);
			name = Products;
			sourceTree = "<group>";
		};
		930D27782822D5DB0052BCD0 /* SwiftBase */ = {
			isa = PBXGroup;
			children = (
				930D27792822D5DB0052BCD0 /* AppDelegate.swift */,
				930D277B2822D5DB0052BCD0 /* SceneDelegate.swift */,
				930D277D2822D5DB0052BCD0 /* ViewController.swift */,
				937EA5042823759200204D29 /* HomeViewController.swift */,
				932F8DCE282961C1003E065E /* Enum */,
				937EA50628237EB700204D29 /* Closures */,
				932F8DCB28295B72003E065E /* ClassAndStruct */,
				93792B3A2829FF4700B802CB /* ClassAndProperty */,
				93792B3D282A361600B802CB /* Method */,
				93792B46282B4F3600B802CB /* Inherit */,
				93EC123F282B9DFE0085FC51 /* Polymorphic */,
				93EC1242282BA8E70085FC51 /* Constructor */,
				930D277F2822D5DB0052BCD0 /* Main.storyboard */,
				930D27822822D5DC0052BCD0 /* Assets.xcassets */,
				930D27842822D5DC0052BCD0 /* LaunchScreen.storyboard */,
				930D27872822D5DC0052BCD0 /* Info.plist */,
			);
			path = SwiftBase;
			sourceTree = "<group>";
		};
		932F8DCB28295B72003E065E /* ClassAndStruct */ = {
			isa = PBXGroup;
			children = (
				932F8DCC28295C5C003E065E /* ClassAndStructViewController.swift */,
			);
			path = ClassAndStruct;
			sourceTree = "<group>";
		};
		932F8DCE282961C1003E065E /* Enum */ = {
			isa = PBXGroup;
			children = (
				932F8DCF282961D7003E065E /* EnumViewController.swift */,
			);
			path = Enum;
			sourceTree = "<group>";
		};
		93792B3A2829FF4700B802CB /* ClassAndProperty */ = {
			isa = PBXGroup;
			children = (
				93792B3B2829FF9000B802CB /* ClassAndPropertyViewController.swift */,
			);
			path = ClassAndProperty;
			sourceTree = "<group>";
		};
		93792B3D282A361600B802CB /* Method */ = {
			isa = PBXGroup;
			children = (
				93792B3E282A363A00B802CB /* MethodViewController.swift */,
			);
			path = Method;
			sourceTree = "<group>";
		};
		93792B46282B4F3600B802CB /* Inherit */ = {
			isa = PBXGroup;
			children = (
				93792B47282B4F5200B802CB /* InheritViewController.swift */,
			);
			path = Inherit;
			sourceTree = "<group>";
		};
		937EA50628237EB700204D29 /* Closures */ = {
			isa = PBXGroup;
			children = (
				937EA50728237EC400204D29 /* ClosuresViewController.swift */,
			);
			path = Closures;
			sourceTree = "<group>";
		};
		93EC123F282B9DFE0085FC51 /* Polymorphic */ = {
			isa = PBXGroup;
			children = (
				93EC1240282B9E5D0085FC51 /* PolymorphicViewController.swift */,
			);
			path = Polymorphic;
			sourceTree = "<group>";
		};
		93EC1242282BA8E70085FC51 /* Constructor */ = {
			isa = PBXGroup;
			children = (
				93EC1243282BA8FF0085FC51 /* ConstructorViewController.swift */,
			);
			path = Constructor;
			sourceTree = "<group>";
		};
		A24833329F26CD3D3538A0A6 /* Pods */ = {
			isa = PBXGroup;
			children = (
				8E53E38A8D5BD79BB6880D72 /* Pods-SwiftBase.debug.xcconfig */,
				BA92E59D01048641114ABEED /* Pods-SwiftBase.release.xcconfig */,
			);
			path = Pods;
			sourceTree = "<group>";
		};
/* End PBXGroup section */

/* Begin PBXNativeTarget section */
		930D27752822D5DB0052BCD0 /* SwiftBase */ = {
			isa = PBXNativeTarget;
			buildConfigurationList = 930D278A2822D5DC0052BCD0 /* Build configuration list for PBXNativeTarget "SwiftBase" */;
			buildPhases = (
				6679A7AB0BF6B999D4916D27 /* [CP] Check Pods Manifest.lock */,
				930D27722822D5DB0052BCD0 /* Sources */,
				930D27732822D5DB0052BCD0 /* Frameworks */,
				930D27742822D5DB0052BCD0 /* Resources */,
				2687369FEDE122FEA3DD9238 /* [CP] Embed Pods Frameworks */,
			);
			buildRules = (
			);
			dependencies = (
			);
			name = SwiftBase;
			productName = SwiftBase;
			productReference = 930D27762822D5DB0052BCD0 /* SwiftBase.app */;
			productType = "com.apple.product-type.application";
		};
/* End PBXNativeTarget section */

/* Begin PBXProject section */
		930D276E2822D5DA0052BCD0 /* Project object */ = {
			isa = PBXProject;
			attributes = {
				BuildIndependentTargetsInParallel = 1;
				LastSwiftUpdateCheck = 1320;
				LastUpgradeCheck = 1320;
				TargetAttributes = {
					930D27752822D5DB0052BCD0 = {
						CreatedOnToolsVersion = 13.2.1;
					};
				};
			};
			buildConfigurationList = 930D27712822D5DA0052BCD0 /* Build configuration list for PBXProject "SwiftBase" */;
			compatibilityVersion = "Xcode 13.0";
			developmentRegion = en;
			hasScannedForEncodings = 0;
			knownRegions = (
				en,
				Base,
			);
			mainGroup = 930D276D2822D5DA0052BCD0;
			productRefGroup = 930D27772822D5DB0052BCD0 /* Products */;
			projectDirPath = "";
			projectRoot = "";
			targets = (
				930D27752822D5DB0052BCD0 /* SwiftBase */,
			);
		};
/* End PBXProject section */

/* Begin PBXResourcesBuildPhase section */
		930D27742822D5DB0052BCD0 /* Resources */ = {
			isa = PBXResourcesBuildPhase;
			buildActionMask = 2147483647;
			files = (
				930D27862822D5DC0052BCD0 /* LaunchScreen.storyboard in Resources */,
				930D27832822D5DC0052BCD0 /* Assets.xcassets in Resources */,
				930D27812822D5DB0052BCD0 /* Main.storyboard in Resources */,
			);
			runOnlyForDeploymentPostprocessing = 0;
		};
/* End PBXResourcesBuildPhase section */

/* Begin PBXShellScriptBuildPhase section */
		2687369FEDE122FEA3DD9238 /* [CP] Embed Pods Frameworks */ = {
			isa = PBXShellScriptBuildPhase;
			buildActionMask = 2147483647;
			files = (
			);
			inputFileListPaths = (
				"${PODS_ROOT}/Target Support Files/Pods-SwiftBase/Pods-SwiftBase-frameworks-${CONFIGURATION}-input-files.xcfilelist",
			);
			name = "[CP] Embed Pods Frameworks";
			outputFileListPaths = (
				"${PODS_ROOT}/Target Support Files/Pods-SwiftBase/Pods-SwiftBase-frameworks-${CONFIGURATION}-output-files.xcfilelist",
			);
			runOnlyForDeploymentPostprocessing = 0;
			shellPath = /bin/sh;
			shellScript = "\"${PODS_ROOT}/Target Support Files/Pods-SwiftBase/Pods-SwiftBase-frameworks.sh\"\n";
			showEnvVarsInLog = 0;
		};
		6679A7AB0BF6B999D4916D27 /* [CP] Check Pods Manifest.lock */ = {
			isa = PBXShellScriptBuildPhase;
			buildActionMask = 2147483647;
			files = (
			);
			inputFileListPaths = (
			);
			inputPaths = (
				"${PODS_PODFILE_DIR_PATH}/Podfile.lock",
				"${PODS_ROOT}/Manifest.lock",
			);
			name = "[CP] Check Pods Manifest.lock";
			outputFileListPaths = (
			);
			outputPaths = (
				"$(DERIVED_FILE_DIR)/Pods-SwiftBase-checkManifestLockResult.txt",
			);
			runOnlyForDeploymentPostprocessing = 0;
			shellPath = /bin/sh;
			shellScript = "diff \"${PODS_PODFILE_DIR_PATH}/Podfile.lock\" \"${PODS_ROOT}/Manifest.lock\" > /dev/null\nif [ $? != 0 ] ; then\n    # print error to STDERR\n    echo \"error: The sandbox is not in sync with the Podfile.lock. Run 'pod install' or update your CocoaPods installation.\" >&2\n    exit 1\nfi\n# This output is used by Xcode 'outputs' to avoid re-running this script phase.\necho \"SUCCESS\" > \"${SCRIPT_OUTPUT_FILE_0}\"\n";
			showEnvVarsInLog = 0;
		};
/* End PBXShellScriptBuildPhase section */

/* Begin PBXSourcesBuildPhase section */
		930D27722822D5DB0052BCD0 /* Sources */ = {
			isa = PBXSourcesBuildPhase;
			buildActionMask = 2147483647;
			files = (
				93EC1241282B9E5D0085FC51 /* PolymorphicViewController.swift in Sources */,
				93792B3F282A363A00B802CB /* MethodViewController.swift in Sources */,
				937EA50828237EC400204D29 /* ClosuresViewController.swift in Sources */,
				93792B48282B4F5200B802CB /* InheritViewController.swift in Sources */,
				930D277E2822D5DB0052BCD0 /* ViewController.swift in Sources */,
				932F8DD0282961D7003E065E /* EnumViewController.swift in Sources */,
				932F8DCD28295C5C003E065E /* ClassAndStructViewController.swift in Sources */,
				93792B3C2829FF9000B802CB /* ClassAndPropertyViewController.swift in Sources */,
				930D277A2822D5DB0052BCD0 /* AppDelegate.swift in Sources */,
				930D277C2822D5DB0052BCD0 /* SceneDelegate.swift in Sources */,
				937EA5052823759200204D29 /* HomeViewController.swift in Sources */,
				93EC1244282BA8FF0085FC51 /* ConstructorViewController.swift in Sources */,
			);
			runOnlyForDeploymentPostprocessing = 0;
		};
/* End PBXSourcesBuildPhase section */

/* Begin PBXVariantGroup section */
		930D277F2822D5DB0052BCD0 /* Main.storyboard */ = {
			isa = PBXVariantGroup;
			children = (
				930D27802822D5DB0052BCD0 /* Base */,
			);
			name = Main.storyboard;
			sourceTree = "<group>";
		};
		930D27842822D5DC0052BCD0 /* LaunchScreen.storyboard */ = {
			isa = PBXVariantGroup;
			children = (
				930D27852822D5DC0052BCD0 /* Base */,
			);
			name = LaunchScreen.storyboard;
			sourceTree = "<group>";
		};
/* End PBXVariantGroup section */

/* Begin XCBuildConfiguration section */
		930D27882822D5DC0052BCD0 /* Debug */ = {
			isa = XCBuildConfiguration;
			buildSettings = {
				ALWAYS_SEARCH_USER_PATHS = NO;
				CLANG_ANALYZER_NONNULL = YES;
				CLANG_ANALYZER_NUMBER_OBJECT_CONVERSION = YES_AGGRESSIVE;
				CLANG_CXX_LANGUAGE_STANDARD = "gnu++17";
				CLANG_CXX_LIBRARY = "libc++";
				CLANG_ENABLE_MODULES = YES;
				CLANG_ENABLE_OBJC_ARC = YES;
				CLANG_ENABLE_OBJC_WEAK = YES;
				CLANG_WARN_BLOCK_CAPTURE_AUTORELEASING = YES;
				CLANG_WARN_BOOL_CONVERSION = YES;
				CLANG_WARN_COMMA = YES;
				CLANG_WARN_CONSTANT_CONVERSION = YES;
				CLANG_WARN_DEPRECATED_OBJC_IMPLEMENTATIONS = YES;
				CLANG_WARN_DIRECT_OBJC_ISA_USAGE = YES_ERROR;
				CLANG_WARN_DOCUMENTATION_COMMENTS = YES;
				CLANG_WARN_EMPTY_BODY = YES;
				CLANG_WARN_ENUM_CONVERSION = YES;
				CLANG_WARN_INFINITE_RECURSION = YES;
				CLANG_WARN_INT_CONVERSION = YES;
				CLANG_WARN_NON_LITERAL_NULL_CONVERSION = YES;
				CLANG_WARN_OBJC_IMPLICIT_RETAIN_SELF = YES;
				CLANG_WARN_OBJC_LITERAL_CONVERSION = YES;
				CLANG_WARN_OBJC_ROOT_CLASS = YES_ERROR;
				CLANG_WARN_QUOTED_INCLUDE_IN_FRAMEWORK_HEADER = YES;
				CLANG_WARN_RANGE_LOOP_ANALYSIS = YES;
				CLANG_WARN_STRICT_PROTOTYPES = YES;
				CLANG_WARN_SUSPICIOUS_MOVE = YES;
				CLANG_WARN_UNGUARDED_AVAILABILITY = YES_AGGRESSIVE;
				CLANG_WARN_UNREACHABLE_CODE = YES;
				CLANG_WARN__DUPLICATE_METHOD_MATCH = YES;
				COPY_PHASE_STRIP = NO;
				DEBUG_INFORMATION_FORMAT = dwarf;
				ENABLE_STRICT_OBJC_MSGSEND = YES;
				ENABLE_TESTABILITY = YES;
				GCC_C_LANGUAGE_STANDARD = gnu11;
				GCC_DYNAMIC_NO_PIC = NO;
				GCC_NO_COMMON_BLOCKS = YES;
				GCC_OPTIMIZATION_LEVEL = 0;
				GCC_PREPROCESSOR_DEFINITIONS = (
					"DEBUG=1",
					"$(inherited)",
				);
				GCC_WARN_64_TO_32_BIT_CONVERSION = YES;
				GCC_WARN_ABOUT_RETURN_TYPE = YES_ERROR;
				GCC_WARN_UNDECLARED_SELECTOR = YES;
				GCC_WARN_UNINITIALIZED_AUTOS = YES_AGGRESSIVE;
				GCC_WARN_UNUSED_FUNCTION = YES;
				GCC_WARN_UNUSED_VARIABLE = YES;
				IPHONEOS_DEPLOYMENT_TARGET = 15.2;
				MTL_ENABLE_DEBUG_INFO = INCLUDE_SOURCE;
				MTL_FAST_MATH = YES;
				ONLY_ACTIVE_ARCH = YES;
				SDKROOT = iphoneos;
				SWIFT_ACTIVE_COMPILATION_CONDITIONS = DEBUG;
				SWIFT_OPTIMIZATION_LEVEL = "-Onone";
			};
			name = Debug;
		};
		930D27892822D5DC0052BCD0 /* Release */ = {
			isa = XCBuildConfiguration;
			buildSettings = {
				ALWAYS_SEARCH_USER_PATHS = NO;
				CLANG_ANALYZER_NONNULL = YES;
				CLANG_ANALYZER_NUMBER_OBJECT_CONVERSION = YES_AGGRESSIVE;
				CLANG_CXX_LANGUAGE_STANDARD = "gnu++17";
				CLANG_CXX_LIBRARY = "libc++";
				CLANG_ENABLE_MODULES = YES;
				CLANG_ENABLE_OBJC_ARC = YES;
				CLANG_ENABLE_OBJC_WEAK = YES;
				CLANG_WARN_BLOCK_CAPTURE_AUTORELEASING = YES;
				CLANG_WARN_BOOL_CONVERSION = YES;
				CLANG_WARN_COMMA = YES;
				CLANG_WARN_CONSTANT_CONVERSION = YES;
				CLANG_WARN_DEPRECATED_OBJC_IMPLEMENTATIONS = YES;
				CLANG_WARN_DIRECT_OBJC_ISA_USAGE = YES_ERROR;
				CLANG_WARN_DOCUMENTATION_COMMENTS = YES;
				CLANG_WARN_EMPTY_BODY = YES;
				CLANG_WARN_ENUM_CONVERSION = YES;
				CLANG_WARN_INFINITE_RECURSION = YES;
				CLANG_WARN_INT_CONVERSION = YES;
				CLANG_WARN_NON_LITERAL_NULL_CONVERSION = YES;
				CLANG_WARN_OBJC_IMPLICIT_RETAIN_SELF = YES;
				CLANG_WARN_OBJC_LITERAL_CONVERSION = YES;
				CLANG_WARN_OBJC_ROOT_CLASS = YES_ERROR;
				CLANG_WARN_QUOTED_INCLUDE_IN_FRAMEWORK_HEADER = YES;
				CLANG_WARN_RANGE_LOOP_ANALYSIS = YES;
				CLANG_WARN_STRICT_PROTOTYPES = YES;
				CLANG_WARN_SUSPICIOUS_MOVE = YES;
				CLANG_WARN_UNGUARDED_AVAILABILITY = YES_AGGRESSIVE;
				CLANG_WARN_UNREACHABLE_CODE = YES;
				CLANG_WARN__DUPLICATE_METHOD_MATCH = YES;
				COPY_PHASE_STRIP = NO;
				DEBUG_INFORMATION_FORMAT = "dwarf-with-dsym";
				ENABLE_NS_ASSERTIONS = NO;
				ENABLE_STRICT_OBJC_MSGSEND = YES;
				GCC_C_LANGUAGE_STANDARD = gnu11;
				GCC_NO_COMMON_BLOCKS = YES;
				GCC_WARN_64_TO_32_BIT_CONVERSION = YES;
				GCC_WARN_ABOUT_RETURN_TYPE = YES_ERROR;
				GCC_WARN_UNDECLARED_SELECTOR = YES;
				GCC_WARN_UNINITIALIZED_AUTOS = YES_AGGRESSIVE;
				GCC_WARN_UNUSED_FUNCTION = YES;
				GCC_WARN_UNUSED_VARIABLE = YES;
				IPHONEOS_DEPLOYMENT_TARGET = 15.2;
				MTL_ENABLE_DEBUG_INFO = NO;
				MTL_FAST_MATH = YES;
				SDKROOT = iphoneos;
				SWIFT_COMPILATION_MODE = wholemodule;
				SWIFT_OPTIMIZATION_LEVEL = "-O";
				VALIDATE_PRODUCT = YES;
			};
			name = Release;
		};
		930D278B2822D5DC0052BCD0 /* Debug */ = {
			isa = XCBuildConfiguration;
			baseConfigurationReference = 8E53E38A8D5BD79BB6880D72 /* Pods-SwiftBase.debug.xcconfig */;
			buildSettings = {
				ASSETCATALOG_COMPILER_APPICON_NAME = AppIcon;
				ASSETCATALOG_COMPILER_GLOBAL_ACCENT_COLOR_NAME = AccentColor;
				CODE_SIGN_STYLE = Automatic;
				CURRENT_PROJECT_VERSION = 1;
				DEVELOPMENT_TEAM = PM4B9EWD95;
				GENERATE_INFOPLIST_FILE = YES;
				INFOPLIST_FILE = SwiftBase/Info.plist;
				INFOPLIST_KEY_UIApplicationSupportsIndirectInputEvents = YES;
				INFOPLIST_KEY_UILaunchStoryboardName = LaunchScreen;
				INFOPLIST_KEY_UIMainStoryboardFile = Main;
				INFOPLIST_KEY_UISupportedInterfaceOrientations_iPad = "UIInterfaceOrientationPortrait UIInterfaceOrientationPortraitUpsideDown UIInterfaceOrientationLandscapeLeft UIInterfaceOrientationLandscapeRight";
				INFOPLIST_KEY_UISupportedInterfaceOrientations_iPhone = "UIInterfaceOrientationPortrait UIInterfaceOrientationLandscapeLeft UIInterfaceOrientationLandscapeRight";
				IPHONEOS_DEPLOYMENT_TARGET = 13.0;
				LD_RUNPATH_SEARCH_PATHS = (
					"$(inherited)",
					"@executable_path/Frameworks",
				);
				MARKETING_VERSION = 1.0;
				PRODUCT_BUNDLE_IDENTIFIER = com.imefuture.SwiftBase;
				PRODUCT_NAME = "$(TARGET_NAME)";
				SWIFT_EMIT_LOC_STRINGS = YES;
				SWIFT_VERSION = 5.0;
				TARGETED_DEVICE_FAMILY = "1,2";
			};
			name = Debug;
		};
		930D278C2822D5DC0052BCD0 /* Release */ = {
			isa = XCBuildConfiguration;
			baseConfigurationReference = BA92E59D01048641114ABEED /* Pods-SwiftBase.release.xcconfig */;
			buildSettings = {
				ASSETCATALOG_COMPILER_APPICON_NAME = AppIcon;
				ASSETCATALOG_COMPILER_GLOBAL_ACCENT_COLOR_NAME = AccentColor;
				CODE_SIGN_STYLE = Automatic;
				CURRENT_PROJECT_VERSION = 1;
				DEVELOPMENT_TEAM = PM4B9EWD95;
				GENERATE_INFOPLIST_FILE = YES;
				INFOPLIST_FILE = SwiftBase/Info.plist;
				INFOPLIST_KEY_UIApplicationSupportsIndirectInputEvents = YES;
				INFOPLIST_KEY_UILaunchStoryboardName = LaunchScreen;
				INFOPLIST_KEY_UIMainStoryboardFile = Main;
				INFOPLIST_KEY_UISupportedInterfaceOrientations_iPad = "UIInterfaceOrientationPortrait UIInterfaceOrientationPortraitUpsideDown UIInterfaceOrientationLandscapeLeft UIInterfaceOrientationLandscapeRight";
				INFOPLIST_KEY_UISupportedInterfaceOrientations_iPhone = "UIInterfaceOrientationPortrait UIInterfaceOrientationLandscapeLeft UIInterfaceOrientationLandscapeRight";
				IPHONEOS_DEPLOYMENT_TARGET = 13.0;
				LD_RUNPATH_SEARCH_PATHS = (
					"$(inherited)",
					"@executable_path/Frameworks",
				);
				MARKETING_VERSION = 1.0;
				PRODUCT_BUNDLE_IDENTIFIER = com.imefuture.SwiftBase;
				PRODUCT_NAME = "$(TARGET_NAME)";
				SWIFT_EMIT_LOC_STRINGS = YES;
				SWIFT_VERSION = 5.0;
				TARGETED_DEVICE_FAMILY = "1,2";
			};
			name = Release;
		};
/* End XCBuildConfiguration section */

/* Begin XCConfigurationList section */
		930D27712822D5DA0052BCD0 /* Build configuration list for PBXProject "SwiftBase" */ = {
			isa = XCConfigurationList;
			buildConfigurations = (
				930D27882822D5DC0052BCD0 /* Debug */,
				930D27892822D5DC0052BCD0 /* Release */,
			);
			defaultConfigurationIsVisible = 0;
			defaultConfigurationName = Release;
		};
		930D278A2822D5DC0052BCD0 /* Build configuration list for PBXNativeTarget "SwiftBase" */ = {
			isa = XCConfigurationList;
			buildConfigurations = (
				930D278B2822D5DC0052BCD0 /* Debug */,
				930D278C2822D5DC0052BCD0 /* Release */,
			);
			defaultConfigurationIsVisible = 0;
			defaultConfigurationName = Release;
		};
/* End XCConfigurationList section */
	};
	rootObject = 930D276E2822D5DA0052BCD0 /* Project object */;
}
